
Microsoft Visual Studio Solution File, Format Version 12.00
# Visual Studio Version 16
VisualStudioVersion = 16.0.30611.23
MinimumVisualStudioVersion = 10.0.40219.1
Project("{9A19103F-16F7-4668-BE54-9A1E7A4F7556}") = "PcShop.Api", "PcShop.Api\PcShop.Api.csproj", "{5CEE2CEE-B6FA-4E7B-AC68-6432CE312DDA}"
EndProject
Project("{9A19103F-16F7-4668-BE54-9A1E7A4F7556}") = "PcShop.BL.Api", "PcShop.BL.Api\PcShop.BL.Api.csproj", "{43E03516-B986-4C4A-B76D-88FD7A16D535}"
EndProject
Project("{9A19103F-16F7-4668-BE54-9A1E7A4F7556}") = "PcShop.DAL", "PcShop.DAL\PcShop.DAL.csproj", "{82C4D01F-B91A-4402-9456-14B35BA755C6}"
EndProject
Project("{9A19103F-16F7-4668-BE54-9A1E7A4F7556}") = "PcShop.Common", "PcShop.Common\PcShop.Common.csproj", "{5BB0626B-6350-4EB6-B45E-FFFEE6F39357}"
EndProject
Project("{9A19103F-16F7-4668-BE54-9A1E7A4F7556}") = "PcShop.Console", "PcShop.Console\PcShop.Console.csproj", "{5F755265-98F8-4E1A-AADF-308553503594}"
EndProject
Project("{9A19103F-16F7-4668-BE54-9A1E7A4F7556}") = "PcShop.Api.Tests", "PcShop.Api.Tests\PcShop.Api.Tests.csproj", "{0E570736-C784-4D47-8EC2-716A27FBB78D}"
EndProject
Project("{2150E333-8FDC-42A3-9474-1A3956D46DE8}") = "Api", "Api", "{04AA0332-1FDF-4B40-BEC8-848306E7BA30}"
EndProject
Project("{2150E333-8FDC-42A3-9474-1A3956D46DE8}") = "Tests", "Tests", "{7F397672-08A8-40A0-899E-52CEBA1CF12A}"
EndProject
Project("{2150E333-8FDC-42A3-9474-1A3956D46DE8}") = "Common", "Common", "{E0A9B46A-DAAE-4940-970C-BCFA7FDAA4C9}"
EndProject
Project("{2150E333-8FDC-42A3-9474-1A3956D46DE8}") = "Web", "Web", "{5932AD46-259B-41D5-9F38-72FFFF076BD7}"
EndProject
Project("{9A19103F-16F7-4668-BE54-9A1E7A4F7556}") = "PcShop.Web", "PcShop.Web\PcShop.Web.csproj", "{65307040-6B90-44CF-B775-09154698D084}"
EndProject
Project("{FAE04EC0-301F-11D3-BF4B-00C04F79EFBC}") = "PcShop.WEB.BL", "PcShop.WEB.BL\PcShop.WEB.BL.csproj", "{5A17AC88-680F-4360-B781-075BBBEEEA00}"
EndProject
Global
	GlobalSection(SolutionConfigurationPlatforms) = preSolution
		Debug|Any CPU = Debug|Any CPU
		Release|Any CPU = Release|Any CPU
	EndGlobalSection
	GlobalSection(ProjectConfigurationPlatforms) = postSolution
		{5CEE2CEE-B6FA-4E7B-AC68-6432CE312DDA}.Debug|Any CPU.ActiveCfg = Debug|Any CPU
		{5CEE2CEE-B6FA-4E7B-AC68-6432CE312DDA}.Debug|Any CPU.Build.0 = Debug|Any CPU
		{5CEE2CEE-B6FA-4E7B-AC68-6432CE312DDA}.Release|Any CPU.ActiveCfg = Release|Any CPU
		{5CEE2CEE-B6FA-4E7B-AC68-6432CE312DDA}.Release|Any CPU.Build.0 = Release|Any CPU
		{43E03516-B986-4C4A-B76D-88FD7A16D535}.Debug|Any CPU.ActiveCfg = Debug|Any CPU
		{43E03516-B986-4C4A-B76D-88FD7A16D535}.Debug|Any CPU.Build.0 = Debug|Any CPU
		{43E03516-B986-4C4A-B76D-88FD7A16D535}.Release|Any CPU.ActiveCfg = Release|Any CPU
		{43E03516-B986-4C4A-B76D-88FD7A16D535}.Release|Any CPU.Build.0 = Release|Any CPU
		{82C4D01F-B91A-4402-9456-14B35BA755C6}.Debug|Any CPU.ActiveCfg = Debug|Any CPU
		{82C4D01F-B91A-4402-9456-14B35BA755C6}.Debug|Any CPU.Build.0 = Debug|Any CPU
		{82C4D01F-B91A-4402-9456-14B35BA755C6}.Release|Any CPU.ActiveCfg = Release|Any CPU
		{82C4D01F-B91A-4402-9456-14B35BA755C6}.Release|Any CPU.Build.0 = Release|Any CPU
		{5BB0626B-6350-4EB6-B45E-FFFEE6F39357}.Debug|Any CPU.ActiveCfg = Debug|Any CPU
		{5BB0626B-6350-4EB6-B45E-FFFEE6F39357}.Debug|Any CPU.Build.0 = Debug|Any CPU
		{5BB0626B-6350-4EB6-B45E-FFFEE6F39357}.Release|Any CPU.ActiveCfg = Release|Any CPU
		{5BB0626B-6350-4EB6-B45E-FFFEE6F39357}.Release|Any CPU.Build.0 = Release|Any CPU
		{5F755265-98F8-4E1A-AADF-308553503594}.Debug|Any CPU.ActiveCfg = Debug|Any CPU
		{5F755265-98F8-4E1A-AADF-308553503594}.Debug|Any CPU.Build.0 = Debug|Any CPU
		{5F755265-98F8-4E1A-AADF-308553503594}.Release|Any CPU.ActiveCfg = Release|Any CPU
		{5F755265-98F8-4E1A-AADF-308553503594}.Release|Any CPU.Build.0 = Release|Any CPU
		{0E570736-C784-4D47-8EC2-716A27FBB78D}.Debug|Any CPU.ActiveCfg = Debug|Any CPU
		{0E570736-C784-4D47-8EC2-716A27FBB78D}.Debug|Any CPU.Build.0 = Debug|Any CPU
		{0E570736-C784-4D47-8EC2-716A27FBB78D}.Release|Any CPU.ActiveCfg = Release|Any CPU
		{0E570736-C784-4D47-8EC2-716A27FBB78D}.Release|Any CPU.Build.0 = Release|Any CPU
		{65307040-6B90-44CF-B775-09154698D084}.Debug|Any CPU.ActiveCfg = Debug|Any CPU
		{65307040-6B90-44CF-B775-09154698D084}.Debug|Any CPU.Build.0 = Debug|Any CPU
		{65307040-6B90-44CF-B775-09154698D084}.Release|Any CPU.ActiveCfg = Release|Any CPU
		{65307040-6B90-44CF-B775-09154698D084}.Release|Any CPU.Build.0 = Release|Any CPU
		{5A17AC88-680F-4360-B781-075BBBEEEA00}.Debug|Any CPU.ActiveCfg = Debug|Any CPU
		{5A17AC88-680F-4360-B781-075BBBEEEA00}.Debug|Any CPU.Build.0 = Debug|Any CPU
		{5A17AC88-680F-4360-B781-075BBBEEEA00}.Release|Any CPU.ActiveCfg = Release|Any CPU
		{5A17AC88-680F-4360-B781-075BBBEEEA00}.Release|Any CPU.Build.0 = Release|Any CPU
	EndGlobalSection
	GlobalSection(SolutionProperties) = preSolution
		HideSolutionNode = FALSE
	EndGlobalSection
	GlobalSection(NestedProjects) = preSolution
		{5CEE2CEE-B6FA-4E7B-AC68-6432CE312DDA} = {04AA0332-1FDF-4B40-BEC8-848306E7BA30}
		{43E03516-B986-4C4A-B76D-88FD7A16D535} = {04AA0332-1FDF-4B40-BEC8-848306E7BA30}
		{82C4D01F-B91A-4402-9456-14B35BA755C6} = {04AA0332-1FDF-4B40-BEC8-848306E7BA30}
		{5BB0626B-6350-4EB6-B45E-FFFEE6F39357} = {E0A9B46A-DAAE-4940-970C-BCFA7FDAA4C9}
		{5F755265-98F8-4E1A-AADF-308553503594} = {04AA0332-1FDF-4B40-BEC8-848306E7BA30}
		{0E570736-C784-4D47-8EC2-716A27FBB78D} = {7F397672-08A8-40A0-899E-52CEBA1CF12A}
		{65307040-6B90-44CF-B775-09154698D084} = {5932AD46-259B-41D5-9F38-72FFFF076BD7}
		{5A17AC88-680F-4360-B781-075BBBEEEA00} = {5932AD46-259B-41D5-9F38-72FFFF076BD7}
	EndGlobalSection
	GlobalSection(ExtensibilityGlobals) = postSolution
		SolutionGuid = {A6309DCD-482D-4150-BABA-536C96B6E690}
	EndGlobalSection
EndGlobal
